
Microsoft Visual Studio Solution File, Format Version 12.00
# Visual Studio Version 17
VisualStudioVersion = 17.14.36414.22 d17.14
MinimumVisualStudioVersion = 10.0.40219.1
Project("{FAE04EC0-301F-11D3-BF4B-00C04F79EFBC}") = "Projet", "Projet.csproj", "{26CB260A-46A1-4658-9CEB-BC6ADEF03550}"
EndProject
Global
	GlobalSection(SolutionConfigurationPlatforms) = preSolution
		Debug|Any CPU = Debug|Any CPU
		Release|Any CPU = Release|Any CPU
	EndGlobalSection
	GlobalSection(ProjectConfigurationPlatforms) = postSolution
		{26CB260A-46A1-4658-9CEB-BC6ADEF03550}.Debug|Any CPU.ActiveCfg = Debug|Any CPU
		{26CB260A-46A1-4658-9CEB-BC6ADEF03550}.Debug|Any CPU.Build.0 = Debug|Any CPU
		{26CB260A-46A1-4658-9CEB-BC6ADEF03550}.Release|Any CPU.ActiveCfg = Release|Any CPU
		{26CB260A-46A1-4658-9CEB-BC6ADEF03550}.Release|Any CPU.Build.0 = Release|Any CPU
	EndGlobalSection
	GlobalSection(SolutionProperties) = preSolution
		HideSolutionNode = FALSE
	EndGlobalSection
	GlobalSection(ExtensibilityGlobals) = postSolution
		SolutionGuid = {858B2EF0-FAE1-48B8-8061-CBD56DA104EE}
	EndGlobalSection
EndGlobal
